
Microsoft Visual Studio Solution File, Format Version 12.00
# Visual Studio Version 17
VisualStudioVersion = 17.9.34728.123
MinimumVisualStudioVersion = 10.0.40219.1
Project("{9A19103F-16F7-4668-BE54-9A1E7A4F7556}") = "CoffeeShop", "CoffeeShop\CoffeeShop.csproj", "{DD651A6A-67E0-4CD0-8ADF-0F55525D895A}"
EndProject
Project("{9A19103F-16F7-4668-BE54-9A1E7A4F7556}") = "Model", "Model\Model.csproj", "{9BB4B3CB-BF14-49CC-A0EE-A12C97FE0366}"
EndProject
Global
	GlobalSection(SolutionConfigurationPlatforms) = preSolution
		Debug|Any CPU = Debug|Any CPU
		Release|Any CPU = Release|Any CPU
	EndGlobalSection
	GlobalSection(ProjectConfigurationPlatforms) = postSolution
		{DD651A6A-67E0-4CD0-8ADF-0F55525D895A}.Debug|Any CPU.ActiveCfg = Debug|Any CPU
		{DD651A6A-67E0-4CD0-8ADF-0F55525D895A}.Debug|Any CPU.Build.0 = Debug|Any CPU
		{DD651A6A-67E0-4CD0-8ADF-0F55525D895A}.Release|Any CPU.ActiveCfg = Release|Any CPU
		{DD651A6A-67E0-4CD0-8ADF-0F55525D895A}.Release|Any CPU.Build.0 = Release|Any CPU
		{9BB4B3CB-BF14-49CC-A0EE-A12C97FE0366}.Debug|Any CPU.ActiveCfg = Debug|Any CPU
		{9BB4B3CB-BF14-49CC-A0EE-A12C97FE0366}.Debug|Any CPU.Build.0 = Debug|Any CPU
		{9BB4B3CB-BF14-49CC-A0EE-A12C97FE0366}.Release|Any CPU.ActiveCfg = Release|Any CPU
		{9BB4B3CB-BF14-49CC-A0EE-A12C97FE0366}.Release|Any CPU.Build.0 = Release|Any CPU
	EndGlobalSection
	GlobalSection(SolutionProperties) = preSolution
		HideSolutionNode = FALSE
	EndGlobalSection
	GlobalSection(ExtensibilityGlobals) = postSolution
		SolutionGuid = {15953466-CD46-4341-BAB8-7356E73D0CB9}
	EndGlobalSection
EndGlobal
